
Microsoft Visual Studio Solution File, Format Version 12.00
# Visual Studio Version 17
VisualStudioVersion = 17.4.33213.308
MinimumVisualStudioVersion = 10.0.40219.1
Project("{FAE04EC0-301F-11D3-BF4B-00C04F79EFBC}") = "Houzing2", "Houzing2\Houzing2.csproj", "{7927F11A-BB2B-4365-AFAA-5C964CD46D5D}"
EndProject
Global
	GlobalSection(SolutionConfigurationPlatforms) = preSolution
		Debug|Any CPU = Debug|Any CPU
		Release|Any CPU = Release|Any CPU
	EndGlobalSection
	GlobalSection(ProjectConfigurationPlatforms) = postSolution
		{7927F11A-BB2B-4365-AFAA-5C964CD46D5D}.Debug|Any CPU.ActiveCfg = Debug|Any CPU
		{7927F11A-BB2B-4365-AFAA-5C964CD46D5D}.Debug|Any CPU.Build.0 = Debug|Any CPU
		{7927F11A-BB2B-4365-AFAA-5C964CD46D5D}.Release|Any CPU.ActiveCfg = Release|Any CPU
		{7927F11A-BB2B-4365-AFAA-5C964CD46D5D}.Release|Any CPU.Build.0 = Release|Any CPU
	EndGlobalSection
	GlobalSection(SolutionProperties) = preSolution
		HideSolutionNode = FALSE
	EndGlobalSection
	GlobalSection(ExtensibilityGlobals) = postSolution
		SolutionGuid = {330D2BAB-9F30-4064-99DD-BC4D65C14B0A}
	EndGlobalSection
EndGlobal
